
Microsoft Visual Studio Solution File, Format Version 12.00
# Visual Studio Version 17
VisualStudioVersion = 17.8.34330.188
MinimumVisualStudioVersion = 10.0.40219.1
Project("{778DAE3C-4631-46EA-AA77-85C1314464D9}") = "KJC Lab Management System", "KJC Lab Management System\KJC Lab Management System.vbproj", "{99F3D3DF-5BE3-41CC-B34E-C1B819B4C7D9}"
EndProject
Project("{2150E333-8FDC-42A3-9474-1A3956D46DE8}") = "Solution Items", "Solution Items", "{A400FFB6-C1DE-4EBC-A9C2-A566AA7C72D4}"
EndProject
Global
	GlobalSection(SolutionConfigurationPlatforms) = preSolution
		Debug|Any CPU = Debug|Any CPU
		Release|Any CPU = Release|Any CPU
	EndGlobalSection
	GlobalSection(ProjectConfigurationPlatforms) = postSolution
		{99F3D3DF-5BE3-41CC-B34E-C1B819B4C7D9}.Debug|Any CPU.ActiveCfg = Debug|Any CPU
		{99F3D3DF-5BE3-41CC-B34E-C1B819B4C7D9}.Debug|Any CPU.Build.0 = Debug|Any CPU
		{99F3D3DF-5BE3-41CC-B34E-C1B819B4C7D9}.Release|Any CPU.ActiveCfg = Release|Any CPU
		{99F3D3DF-5BE3-41CC-B34E-C1B819B4C7D9}.Release|Any CPU.Build.0 = Release|Any CPU
	EndGlobalSection
	GlobalSection(SolutionProperties) = preSolution
		HideSolutionNode = FALSE
	EndGlobalSection
	GlobalSection(ExtensibilityGlobals) = postSolution
		SolutionGuid = {72043342-6871-4A39-BB69-9FD379D7CFD7}
	EndGlobalSection
EndGlobal
